# THIS IS AN AUTOGENERATED FILE. DO NOT EDIT THIS FILE DIRECTLY.
# yarn lockfile v1


redux-devtools-extension@^2.13.8:
  version "2.13.8"
  resolved "http://r.cnpmjs.org/redux-devtools-extension/download/redux-devtools-extension-2.13.8.tgz#37b982688626e5e4993ff87220c9bbb7cd2d96e1"
  integrity sha1-N7mCaIYm5eSZP/hyIMm7t80tluE=
